
Microsoft Visual Studio Solution File, Format Version 12.00
# Visual Studio Version 17
VisualStudioVersion = 17.7.34202.233
MinimumVisualStudioVersion = 10.0.40219.1
Project("{FAE04EC0-301F-11D3-BF4B-00C04F79EFBC}") = "Dogs", "Dogs\Dogs.csproj", "{ACD8F12D-B952-4471-B942-DC137406F5E8}"
EndProject
Project("{FAE04EC0-301F-11D3-BF4B-00C04F79EFBC}") = "DB", "DB\DB.csproj", "{286AC5F2-8BB2-44E8-B1DA-F9876CCC143A}"
EndProject
Project("{FAE04EC0-301F-11D3-BF4B-00C04F79EFBC}") = "Services", "Services\Services.csproj", "{E5E76A54-871B-46E4-B431-B254B1DEB25C}"
EndProject
Project("{FAE04EC0-301F-11D3-BF4B-00C04F79EFBC}") = "Tests", "Tests\Tests.csproj", "{4AC69A79-92EF-4930-9E3A-F620F4792447}"
EndProject
Global
	GlobalSection(SolutionConfigurationPlatforms) = preSolution
		Debug|Any CPU = Debug|Any CPU
		Release|Any CPU = Release|Any CPU
	EndGlobalSection
	GlobalSection(ProjectConfigurationPlatforms) = postSolution
		{ACD8F12D-B952-4471-B942-DC137406F5E8}.Debug|Any CPU.ActiveCfg = Debug|Any CPU
		{ACD8F12D-B952-4471-B942-DC137406F5E8}.Debug|Any CPU.Build.0 = Debug|Any CPU
		{ACD8F12D-B952-4471-B942-DC137406F5E8}.Release|Any CPU.ActiveCfg = Release|Any CPU
		{ACD8F12D-B952-4471-B942-DC137406F5E8}.Release|Any CPU.Build.0 = Release|Any CPU
		{286AC5F2-8BB2-44E8-B1DA-F9876CCC143A}.Debug|Any CPU.ActiveCfg = Debug|Any CPU
		{286AC5F2-8BB2-44E8-B1DA-F9876CCC143A}.Debug|Any CPU.Build.0 = Debug|Any CPU
		{286AC5F2-8BB2-44E8-B1DA-F9876CCC143A}.Release|Any CPU.ActiveCfg = Release|Any CPU
		{286AC5F2-8BB2-44E8-B1DA-F9876CCC143A}.Release|Any CPU.Build.0 = Release|Any CPU
		{E5E76A54-871B-46E4-B431-B254B1DEB25C}.Debug|Any CPU.ActiveCfg = Debug|Any CPU
		{E5E76A54-871B-46E4-B431-B254B1DEB25C}.Debug|Any CPU.Build.0 = Debug|Any CPU
		{E5E76A54-871B-46E4-B431-B254B1DEB25C}.Release|Any CPU.ActiveCfg = Release|Any CPU
		{E5E76A54-871B-46E4-B431-B254B1DEB25C}.Release|Any CPU.Build.0 = Release|Any CPU
		{4AC69A79-92EF-4930-9E3A-F620F4792447}.Debug|Any CPU.ActiveCfg = Debug|Any CPU
		{4AC69A79-92EF-4930-9E3A-F620F4792447}.Debug|Any CPU.Build.0 = Debug|Any CPU
		{4AC69A79-92EF-4930-9E3A-F620F4792447}.Release|Any CPU.ActiveCfg = Release|Any CPU
		{4AC69A79-92EF-4930-9E3A-F620F4792447}.Release|Any CPU.Build.0 = Release|Any CPU
	EndGlobalSection
	GlobalSection(SolutionProperties) = preSolution
		HideSolutionNode = FALSE
	EndGlobalSection
	GlobalSection(ExtensibilityGlobals) = postSolution
		SolutionGuid = {3F106C0A-B708-44C1-A11B-36C1E1A41875}
	EndGlobalSection
EndGlobal
